{
  "nodes": {
    "hugo-bearcub": {
      "flake": false,
      "locked": {
        "lastModified": 1755890652,
        "narHash": "sha256-tQrs4asWNf13nO+3ms0+11w8WoLNK9aKGZcw79eEUCQ=",
        "owner": "clente",
        "repo": "hugo-bearcub",
        "rev": "1d12a76549445b767fa02902caf30cec7ceaecf9",
        "type": "github"
      },
      "original": {
        "owner": "clente",
        "repo": "hugo-bearcub",
        "type": "github"
      }
    },
    "nixpkgs": {
      "locked": {
        "lastModified": 1788843080,
        "narHash": "sha256-Z7i2z7q0cz2k4L+wjgiuNvUsZuoXmUKl+SLPDryHPPM=",
        "owner": "NixOS",
        "repo": "nixpkgs",
        "rev": "10b7fbeb2203fb3a61667aa4886b2de536d685f9",
        "type": "github"
      },
      "original": {
        "owner": "NixOS",
        "repo": "nixpkgs",
        "type": "github"
      }
    },
    "root": {
      "inputs": {
        "hugo-bearcub": "hugo-bearcub",
        "nixpkgs": "nixpkgs",
        "utils": "utils"
      }
    },
    "systems": {
      "locked": {
        "lastModified": 1681028828,
        "narHash": "sha256-Vy1rq5AaRuLzOxct8nz4T6wlgyUR7zLU309k9mBC768=",
        "owner": "nix-systems",
        "repo": "default",
        "rev": "da67096a3b9bf56a91d16901293e51ba5b49a27e",
        "type": "github"
      },
      "original": {
        "owner": "nix-systems",
        "repo": "default",
        "type": "github"
      }
    },
    "utils": {
      "inputs": {
        "systems": "systems"
      },
      "locked": {
        "lastModified": 1731533236,
        "narHash": "sha256-l0KFg5HjrsfsO/JpG+r7fRrqm12kzFHyUHqHCVpMMbI=",
        "owner": "numtide",
        "repo": "flake-utils",
        "rev": "11707dc2f618dd54ca8739b309ec4fc024de578b",
        "type": "github"
      },
      "original": {
        "owner": "numtide",
        "repo": "flake-utils",
        "type": "github"
      }
    }
  },
  "root": "root",
  "version": 7
}
